{
  "nodes": {
    "nixpkgs": {
      "locked": {
        "lastModified": 1684754342,
        "narHash": "sha256-plGnjnbnPLoZCTdQX21oT7xliQhFtgcWlkuDHgtEb1o=",
        "owner": "NixOS",
        "repo": "Nixpkgs",
        "rev": "7084250df3d7f9735087d3234407f3c1fc2400e3",
        "type": "github"
      },
      "original": {
        "owner": "NixOS",
        "ref": "nixos-unstable",
        "repo": "Nixpkgs",
        "type": "github"
      }
    },
    "nixpkgs-crate2nix": {
      "locked": {
        "lastModified": 1680864070,
        "narHash": "sha256-YQ74bK6+3F2DTwr9M4xORwSUjl1vvtBYuYYu9ABbo1M=",
        "owner": "erictapen",
        "repo": "nixpkgs",
        "rev": "49aa11887576a5aea50b0ccb7c20fae8410b7cc8",
        "type": "github"
      },
      "original": {
        "owner": "erictapen",
        "ref": "crate2nix",
        "repo": "nixpkgs",
        "type": "github"
      }
    },
    "root": {
      "inputs": {
        "nixpkgs": "nixpkgs",
        "nixpkgs-crate2nix": "nixpkgs-crate2nix"
      }
    }
  },
  "root": "root",
  "version": 7
}
